
Microsoft Visual Studio Solution File, Format Version 12.00
# Visual Studio 15
VisualStudioVersion = 15.0.27428.2043
MinimumVisualStudioVersion = 10.0.40219.1
Project("{FAE04EC0-301F-11D3-BF4B-00C04F79EFBC}") = "ElectronicColorCode", "ElectronicColorCode\ElectronicColorCode.csproj", "{94F66001-9F81-4CC6-80FD-539F7618502D}"
EndProject
Project("{FAE04EC0-301F-11D3-BF4B-00C04F79EFBC}") = "UnitTestECC", "UnitTestECC\UnitTestECC.csproj", "{69D035F4-8050-4DCC-96AF-EDBBB98A7167}"
EndProject
Global
	GlobalSection(SolutionConfigurationPlatforms) = preSolution
		Debug|Any CPU = Debug|Any CPU
		Release|Any CPU = Release|Any CPU
	EndGlobalSection
	GlobalSection(ProjectConfigurationPlatforms) = postSolution
		{94F66001-9F81-4CC6-80FD-539F7618502D}.Debug|Any CPU.ActiveCfg = Debug|Any CPU
		{94F66001-9F81-4CC6-80FD-539F7618502D}.Debug|Any CPU.Build.0 = Debug|Any CPU
		{94F66001-9F81-4CC6-80FD-539F7618502D}.Release|Any CPU.ActiveCfg = Release|Any CPU
		{94F66001-9F81-4CC6-80FD-539F7618502D}.Release|Any CPU.Build.0 = Release|Any CPU
		{69D035F4-8050-4DCC-96AF-EDBBB98A7167}.Debug|Any CPU.ActiveCfg = Debug|Any CPU
		{69D035F4-8050-4DCC-96AF-EDBBB98A7167}.Debug|Any CPU.Build.0 = Debug|Any CPU
		{69D035F4-8050-4DCC-96AF-EDBBB98A7167}.Release|Any CPU.ActiveCfg = Release|Any CPU
		{69D035F4-8050-4DCC-96AF-EDBBB98A7167}.Release|Any CPU.Build.0 = Release|Any CPU
	EndGlobalSection
	GlobalSection(SolutionProperties) = preSolution
		HideSolutionNode = FALSE
	EndGlobalSection
	GlobalSection(ExtensibilityGlobals) = postSolution
		SolutionGuid = {F3460BCA-0435-4B33-910E-425C22B9F347}
	EndGlobalSection
EndGlobal
